// !$*UTF8*$!
{
	archiveVersion = 1;
	classes = {
	};
	objectVersion = 48;
	objects = {

/* Begin PBXBuildFile section */
		9B538D3F20023DBA00F7421E /* AppDelegate.swift in Sources */ = {isa = PBXBuildFile; fileRef = 9B538D3E20023DBA00F7421E /* AppDelegate.swift */; };
		9B538D4120023DBA00F7421E /* ViewController.swift in Sources */ = {isa = PBXBuildFile; fileRef = 9B538D4020023DBA00F7421E /* ViewController.swift */; };
		9B538D4420023DBA00F7421E /* Main.storyboard in Resources */ = {isa = PBXBuildFile; fileRef = 9B538D4220023DBA00F7421E /* Main.storyboard */; };
		9B538D4620023DBA00F7421E /* Assets.xcassets in Resources */ = {isa = PBXBuildFile; fileRef = 9B538D4520023DBA00F7421E /* Assets.xcassets */; };
		9B538D4920023DBA00F7421E /* LaunchScreen.storyboard in Resources */ = {isa = PBXBuildFile; fileRef = 9B538D4720023DBA00F7421E /* LaunchScreen.storyboard */; };
		9B538D5D20023DE300F7421E /* bear.png in Resources */ = {isa = PBXBuildFile; fileRef = 9B538D5120023DE200F7421E /* bear.png */; };
		9B538D5E20023DE300F7421E /* rabbit.png in Resources */ = {isa = PBXBuildFile; fileRef = 9B538D5220023DE200F7421E /* rabbit.png */; };
		9B538D5F20023DE300F7421E /* eaglestar.png in Resources */ = {isa = PBXBuildFile; fileRef = 9B538D5320023DE200F7421E /* eaglestar.png */; };
		9B538D6020023DE300F7421E /* aurora.jpeg in Resources */ = {isa = PBXBuildFile; fileRef = 9B538D5420023DE200F7421E /* aurora.jpeg */; };
		9B538D6120023DE300F7421E /* constellation.jpeg in Resources */ = {isa = PBXBuildFile; fileRef = 9B538D5520023DE200F7421E /* constellation.jpeg */; };
		9B538D6220023DE300F7421E /* eagle.png in Resources */ = {isa = PBXBuildFile; fileRef = 9B538D5620023DE200F7421E /* eagle.png */; };
		9B538D6320023DE300F7421E /* dogstar.png in Resources */ = {isa = PBXBuildFile; fileRef = 9B538D5720023DE200F7421E /* dogstar.png */; };
		9B538D6420023DE300F7421E /* horsestar.png in Resources */ = {isa = PBXBuildFile; fileRef = 9B538D5820023DE200F7421E /* horsestar.png */; };
		9B538D6520023DE300F7421E /* bearstar.png in Resources */ = {isa = PBXBuildFile; fileRef = 9B538D5920023DE200F7421E /* bearstar.png */; };
		9B538D6620023DE300F7421E /* dog.png in Resources */ = {isa = PBXBuildFile; fileRef = 9B538D5A20023DE200F7421E /* dog.png */; };
		9B538D6720023DE300F7421E /* rabbitstar.png in Resources */ = {isa = PBXBuildFile; fileRef = 9B538D5B20023DE200F7421E /* rabbitstar.png */; };
		9B538D6820023DE300F7421E /* horse.png in Resources */ = {isa = PBXBuildFile; fileRef = 9B538D5C20023DE300F7421E /* horse.png */; };
		9B538D6A2002416900F7421E /* DetailViewController.swift in Sources */ = {isa = PBXBuildFile; fileRef = 9B538D692002416900F7421E /* DetailViewController.swift */; };
/* End PBXBuildFile section */

/* Begin PBXFileReference section */
		9B538D3B20023DBA00F7421E /* ConstellationExplanation.app */ = {isa = PBXFileReference; explicitFileType = wrapper.application; includeInIndex = 0; path = ConstellationExplanation.app; sourceTree = BUILT_PRODUCTS_DIR; };
		9B538D3E20023DBA00F7421E /* AppDelegate.swift */ = {isa = PBXFileReference; lastKnownFileType = sourcecode.swift; path = AppDelegate.swift; sourceTree = "<group>"; };
		9B538D4020023DBA00F7421E /* ViewController.swift */ = {isa = PBXFileReference; lastKnownFileType = sourcecode.swift; path = ViewController.swift; sourceTree = "<group>"; };
		9B538D4320023DBA00F7421E /* Base */ = {isa = PBXFileReference; lastKnownFileType = file.storyboard; name = Base; path = Base.lproj/Main.storyboard; sourceTree = "<group>"; };
		9B538D4520023DBA00F7421E /* Assets.xcassets */ = {isa = PBXFileReference; lastKnownFileType = folder.assetcatalog; path = Assets.xcassets; sourceTree = "<group>"; };
		9B538D4820023DBA00F7421E /* Base */ = {isa = PBXFileReference; lastKnownFileType = file.storyboard; name = Base; path = Base.lproj/LaunchScreen.storyboard; sourceTree = "<group>"; };
		9B538D4A20023DBA00F7421E /* Info.plist */ = {isa = PBXFileReference; lastKnownFileType = text.plist.xml; path = Info.plist; sourceTree = "<group>"; };
		9B538D5120023DE200F7421E /* bear.png */ = {isa = PBXFileReference; lastKnownFileType = image.png; path = bear.png; sourceTree = "<group>"; };
		9B538D5220023DE200F7421E /* rabbit.png */ = {isa = PBXFileReference; lastKnownFileType = image.png; path = rabbit.png; sourceTree = "<group>"; };
		9B538D5320023DE200F7421E /* eaglestar.png */ = {isa = PBXFileReference; lastKnownFileType = image.png; path = eaglestar.png; sourceTree = "<group>"; };
		9B538D5420023DE200F7421E /* aurora.jpeg */ = {isa = PBXFileReference; lastKnownFileType = image.jpeg; path = aurora.jpeg; sourceTree = "<group>"; };
		9B538D5520023DE200F7421E /* constellation.jpeg */ = {isa = PBXFileReference; lastKnownFileType = image.jpeg; path = constellation.jpeg; sourceTree = "<group>"; };
		9B538D5620023DE200F7421E /* eagle.png */ = {isa = PBXFileReference; lastKnownFileType = image.png; path = eagle.png; sourceTree = "<group>"; };
		9B538D5720023DE200F7421E /* dogstar.png */ = {isa = PBXFileReference; lastKnownFileType = image.png; path = dogstar.png; sourceTree = "<group>"; };
		9B538D5820023DE200F7421E /* horsestar.png */ = {isa = PBXFileReference; lastKnownFileType = image.png; path = horsestar.png; sourceTree = "<group>"; };
		9B538D5920023DE200F7421E /* bearstar.png */ = {isa = PBXFileReference; lastKnownFileType = image.png; path = bearstar.png; sourceTree = "<group>"; };
		9B538D5A20023DE200F7421E /* dog.png */ = {isa = PBXFileReference; lastKnownFileType = image.png; path = dog.png; sourceTree = "<group>"; };
		9B538D5B20023DE200F7421E /* rabbitstar.png */ = {isa = PBXFileReference; lastKnownFileType = image.png; path = rabbitstar.png; sourceTree = "<group>"; };
		9B538D5C20023DE300F7421E /* horse.png */ = {isa = PBXFileReference; lastKnownFileType = image.png; path = horse.png; sourceTree = "<group>"; };
		9B538D692002416900F7421E /* DetailViewController.swift */ = {isa = PBXFileReference; lastKnownFileType = sourcecode.swift; path = DetailViewController.swift; sourceTree = "<group>"; };
/* End PBXFileReference section */

/* Begin PBXFrameworksBuildPhase section */
		9B538D3820023DBA00F7421E /* Frameworks */ = {
			isa = PBXFrameworksBuildPhase;
			buildActionMask = 2147483647;
			files = (
			);
			runOnlyForDeploymentPostprocessing = 0;
		};
/* End PBXFrameworksBuildPhase section */

/* Begin PBXGroup section */
		9B538D3220023DBA00F7421E = {
			isa = PBXGroup;
			children = (
				9B538D3D20023DBA00F7421E /* ConstellationExplanation */,
				9B538D3C20023DBA00F7421E /* Products */,
			);
			sourceTree = "<group>";
		};
		9B538D3C20023DBA00F7421E /* Products */ = {
			isa = PBXGroup;
			children = (
				9B538D3B20023DBA00F7421E /* ConstellationExplanation.app */,
			);
			name = Products;
			sourceTree = "<group>";
		};
		9B538D3D20023DBA00F7421E /* ConstellationExplanation */ = {
			isa = PBXGroup;
			children = (
				9B538D5020023DD400F7421E /* Resource */,
				9B538D3E20023DBA00F7421E /* AppDelegate.swift */,
				9B538D4020023DBA00F7421E /* ViewController.swift */,
				9B538D4220023DBA00F7421E /* Main.storyboard */,
				9B538D692002416900F7421E /* DetailViewController.swift */,
				9B538D4520023DBA00F7421E /* Assets.xcassets */,
				9B538D4720023DBA00F7421E /* LaunchScreen.storyboard */,
				9B538D4A20023DBA00F7421E /* Info.plist */,
			);
			path = ConstellationExplanation;
			sourceTree = "<group>";
		};
		9B538D5020023DD400F7421E /* Resource */ = {
			isa = PBXGroup;
			children = (
				9B538D5420023DE200F7421E /* aurora.jpeg */,
				9B538D5120023DE200F7421E /* bear.png */,
				9B538D5920023DE200F7421E /* bearstar.png */,
				9B538D5520023DE200F7421E /* constellation.jpeg */,
				9B538D5A20023DE200F7421E /* dog.png */,
				9B538D5720023DE200F7421E /* dogstar.png */,
				9B538D5620023DE200F7421E /* eagle.png */,
				9B538D5320023DE200F7421E /* eaglestar.png */,
				9B538D5C20023DE300F7421E /* horse.png */,
				9B538D5820023DE200F7421E /* horsestar.png */,
				9B538D5220023DE200F7421E /* rabbit.png */,
				9B538D5B20023DE200F7421E /* rabbitstar.png */,
			);
			path = Resource;
			sourceTree = "<group>";
		};
/* End PBXGroup section */

/* Begin PBXNativeTarget section */
		9B538D3A20023DBA00F7421E /* ConstellationExplanation */ = {
			isa = PBXNativeTarget;
			buildConfigurationList = 9B538D4D20023DBA00F7421E /* Build configuration list for PBXNativeTarget "ConstellationExplanation" */;
			buildPhases = (
				9B538D3720023DBA00F7421E /* Sources */,
				9B538D3820023DBA00F7421E /* Frameworks */,
				9B538D3920023DBA00F7421E /* Resources */,
			);
			buildRules = (
			);
			dependencies = (
			);
			name = ConstellationExplanation;
			productName = ConstellationExplanation;
			productReference = 9B538D3B20023DBA00F7421E /* ConstellationExplanation.app */;
			productType = "com.apple.product-type.application";
		};
/* End PBXNativeTarget section */

/* Begin PBXProject section */
		9B538D3320023DBA00F7421E /* Project object */ = {
			isa = PBXProject;
			attributes = {
				LastSwiftUpdateCheck = 0920;
				LastUpgradeCheck = 0920;
				ORGANIZATIONNAME = smith;
				TargetAttributes = {
					9B538D3A20023DBA00F7421E = {
						CreatedOnToolsVersion = 9.2;
						ProvisioningStyle = Automatic;
					};
				};
			};
			buildConfigurationList = 9B538D3620023DBA00F7421E /* Build configuration list for PBXProject "ConstellationExplanation" */;
			compatibilityVersion = "Xcode 8.0";
			developmentRegion = en;
			hasScannedForEncodings = 0;
			knownRegions = (
				en,
				Base,
			);
			mainGroup = 9B538D3220023DBA00F7421E;
			productRefGroup = 9B538D3C20023DBA00F7421E /* Products */;
			projectDirPath = "";
			projectRoot = "";
			targets = (
				9B538D3A20023DBA00F7421E /* ConstellationExplanation */,
			);
		};
/* End PBXProject section */

/* Begin PBXResourcesBuildPhase section */
		9B538D3920023DBA00F7421E /* Resources */ = {
			isa = PBXResourcesBuildPhase;
			buildActionMask = 2147483647;
			files = (
				9B538D5E20023DE300F7421E /* rabbit.png in Resources */,
				9B538D4920023DBA00F7421E /* LaunchScreen.storyboard in Resources */,
				9B538D6320023DE300F7421E /* dogstar.png in Resources */,
				9B538D6720023DE300F7421E /* rabbitstar.png in Resources */,
				9B538D6520023DE300F7421E /* bearstar.png in Resources */,
				9B538D6020023DE300F7421E /* aurora.jpeg in Resources */,
				9B538D6420023DE300F7421E /* horsestar.png in Resources */,
				9B538D6820023DE300F7421E /* horse.png in Resources */,
				9B538D5F20023DE300F7421E /* eaglestar.png in Resources */,
				9B538D5D20023DE300F7421E /* bear.png in Resources */,
				9B538D6620023DE300F7421E /* dog.png in Resources */,
				9B538D6220023DE300F7421E /* eagle.png in Resources */,
				9B538D6120023DE300F7421E /* constellation.jpeg in Resources */,
				9B538D4620023DBA00F7421E /* Assets.xcassets in Resources */,
				9B538D4420023DBA00F7421E /* Main.storyboard in Resources */,
			);
			runOnlyForDeploymentPostprocessing = 0;
		};
/* End PBXResourcesBuildPhase section */

/* Begin PBXSourcesBuildPhase section */
		9B538D3720023DBA00F7421E /* Sources */ = {
			isa = PBXSourcesBuildPhase;
			buildActionMask = 2147483647;
			files = (
				9B538D6A2002416900F7421E /* DetailViewController.swift in Sources */,
				9B538D4120023DBA00F7421E /* ViewController.swift in Sources */,
				9B538D3F20023DBA00F7421E /* AppDelegate.swift in Sources */,
			);
			runOnlyForDeploymentPostprocessing = 0;
		};
/* End PBXSourcesBuildPhase section */

/* Begin PBXVariantGroup section */
		9B538D4220023DBA00F7421E /* Main.storyboard */ = {
			isa = PBXVariantGroup;
			children = (
				9B538D4320023DBA00F7421E /* Base */,
			);
			name = Main.storyboard;
			sourceTree = "<group>";
		};
		9B538D4720023DBA00F7421E /* LaunchScreen.storyboard */ = {
			isa = PBXVariantGroup;
			children = (
				9B538D4820023DBA00F7421E /* Base */,
			);
			name = LaunchScreen.storyboard;
			sourceTree = "<group>";
		};
/* End PBXVariantGroup section */

/* Begin XCBuildConfiguration section */
		9B538D4B20023DBA00F7421E /* Debug */ = {
			isa = XCBuildConfiguration;
			buildSettings = {
				ALWAYS_SEARCH_USER_PATHS = NO;
				CLANG_ANALYZER_NONNULL = YES;
				CLANG_ANALYZER_NUMBER_OBJECT_CONVERSION = YES_AGGRESSIVE;
				CLANG_CXX_LANGUAGE_STANDARD = "gnu++14";
				CLANG_CXX_LIBRARY = "libc++";
				CLANG_ENABLE_MODULES = YES;
				CLANG_ENABLE_OBJC_ARC = YES;
				CLANG_WARN_BLOCK_CAPTURE_AUTORELEASING = YES;
				CLANG_WARN_BOOL_CONVERSION = YES;
				CLANG_WARN_COMMA = YES;
				CLANG_WARN_CONSTANT_CONVERSION = YES;
				CLANG_WARN_DIRECT_OBJC_ISA_USAGE = YES_ERROR;
				CLANG_WARN_DOCUMENTATION_COMMENTS = YES;
				CLANG_WARN_EMPTY_BODY = YES;
				CLANG_WARN_ENUM_CONVERSION = YES;
				CLANG_WARN_INFINITE_RECURSION = YES;
				CLANG_WARN_INT_CONVERSION = YES;
				CLANG_WARN_NON_LITERAL_NULL_CONVERSION = YES;
				CLANG_WARN_OBJC_LITERAL_CONVERSION = YES;
				CLANG_WARN_OBJC_ROOT_CLASS = YES_ERROR;
				CLANG_WARN_RANGE_LOOP_ANALYSIS = YES;
				CLANG_WARN_STRICT_PROTOTYPES = YES;
				CLANG_WARN_SUSPICIOUS_MOVE = YES;
				CLANG_WARN_UNGUARDED_AVAILABILITY = YES_AGGRESSIVE;
				CLANG_WARN_UNREACHABLE_CODE = YES;
				CLANG_WARN__DUPLICATE_METHOD_MATCH = YES;
				CODE_SIGN_IDENTITY = "iPhone Developer";
				COPY_PHASE_STRIP = NO;
				DEBUG_INFORMATION_FORMAT = dwarf;
				ENABLE_STRICT_OBJC_MSGSEND = YES;
				ENABLE_TESTABILITY = YES;
				GCC_C_LANGUAGE_STANDARD = gnu11;
				GCC_DYNAMIC_NO_PIC = NO;
				GCC_NO_COMMON_BLOCKS = YES;
				GCC_OPTIMIZATION_LEVEL = 0;
				GCC_PREPROCESSOR_DEFINITIONS = (
					"DEBUG=1",
					"$(inherited)",
				);
				GCC_WARN_64_TO_32_BIT_CONVERSION = YES;
				GCC_WARN_ABOUT_RETURN_TYPE = YES_ERROR;
				GCC_WARN_UNDECLARED_SELECTOR = YES;
				GCC_WARN_UNINITIALIZED_AUTOS = YES_AGGRESSIVE;
				GCC_WARN_UNUSED_FUNCTION = YES;
				GCC_WARN_UNUSED_VARIABLE = YES;
				IPHONEOS_DEPLOYMENT_TARGET = 11.2;
				MTL_ENABLE_DEBUG_INFO = YES;
				ONLY_ACTIVE_ARCH = YES;
				SDKROOT = iphoneos;
				SWIFT_ACTIVE_COMPILATION_CONDITIONS = DEBUG;
				SWIFT_OPTIMIZATION_LEVEL = "-Onone";
			};
			name = Debug;
		};
		9B538D4C20023DBA00F7421E /* Release */ = {
			isa = XCBuildConfiguration;
			buildSettings = {
				ALWAYS_SEARCH_USER_PATHS = NO;
				CLANG_ANALYZER_NONNULL = YES;
				CLANG_ANALYZER_NUMBER_OBJECT_CONVERSION = YES_AGGRESSIVE;
				CLANG_CXX_LANGUAGE_STANDARD = "gnu++14";
				CLANG_CXX_LIBRARY = "libc++";
				CLANG_ENABLE_MODULES = YES;
				CLANG_ENABLE_OBJC_ARC = YES;
				CLANG_WARN_BLOCK_CAPTURE_AUTORELEASING = YES;
				CLANG_WARN_BOOL_CONVERSION = YES;
				CLANG_WARN_COMMA = YES;
				CLANG_WARN_CONSTANT_CONVERSION = YES;
				CLANG_WARN_DIRECT_OBJC_ISA_USAGE = YES_ERROR;
				CLANG_WARN_DOCUMENTATION_COMMENTS = YES;
				CLANG_WARN_EMPTY_BODY = YES;
				CLANG_WARN_ENUM_CONVERSION = YES;
				CLANG_WARN_INFINITE_RECURSION = YES;
				CLANG_WARN_INT_CONVERSION = YES;
				CLANG_WARN_NON_LITERAL_NULL_CONVERSION = YES;
				CLANG_WARN_OBJC_LITERAL_CONVERSION = YES;
				CLANG_WARN_OBJC_ROOT_CLASS = YES_ERROR;
				CLANG_WARN_RANGE_LOOP_ANALYSIS = YES;
				CLANG_WARN_STRICT_PROTOTYPES = YES;
				CLANG_WARN_SUSPICIOUS_MOVE = YES;
				CLANG_WARN_UNGUARDED_AVAILABILITY = YES_AGGRESSIVE;
				CLANG_WARN_UNREACHABLE_CODE = YES;
				CLANG_WARN__DUPLICATE_METHOD_MATCH = YES;
				CODE_SIGN_IDENTITY = "iPhone Developer";
				COPY_PHASE_STRIP = NO;
				DEBUG_INFORMATION_FORMAT = "dwarf-with-dsym";
				ENABLE_NS_ASSERTIONS = NO;
				ENABLE_STRICT_OBJC_MSGSEND = YES;
				GCC_C_LANGUAGE_STANDARD = gnu11;
				GCC_NO_COMMON_BLOCKS = YES;
				GCC_WARN_64_TO_32_BIT_CONVERSION = YES;
				GCC_WARN_ABOUT_RETURN_TYPE = YES_ERROR;
				GCC_WARN_UNDECLARED_SELECTOR = YES;
				GCC_WARN_UNINITIALIZED_AUTOS = YES_AGGRESSIVE;
				GCC_WARN_UNUSED_FUNCTION = YES;
				GCC_WARN_UNUSED_VARIABLE = YES;
				IPHONEOS_DEPLOYMENT_TARGET = 11.2;
				MTL_ENABLE_DEBUG_INFO = NO;
				SDKROOT = iphoneos;
				SWIFT_OPTIMIZATION_LEVEL = "-Owholemodule";
				VALIDATE_PRODUCT = YES;
			};
			name = Release;
		};
		9B538D4E20023DBA00F7421E /* Debug */ = {
			isa = XCBuildConfiguration;
			buildSettings = {
				ASSETCATALOG_COMPILER_APPICON_NAME = AppIcon;
				CODE_SIGN_STYLE = Automatic;
				DEVELOPMENT_TEAM = QLAGA64KZQ;
				INFOPLIST_FILE = ConstellationExplanation/Info.plist;
				LD_RUNPATH_SEARCH_PATHS = "$(inherited) @executable_path/Frameworks";
				PRODUCT_BUNDLE_IDENTIFIER = smith.codesquad.ConstellationExplanation;
				PRODUCT_NAME = "$(TARGET_NAME)";
				SWIFT_VERSION = 4.0;
				TARGETED_DEVICE_FAMILY = "1,2";
			};
			name = Debug;
		};
		9B538D4F20023DBA00F7421E /* Release */ = {
			isa = XCBuildConfiguration;
			buildSettings = {
				ASSETCATALOG_COMPILER_APPICON_NAME = AppIcon;
				CODE_SIGN_STYLE = Automatic;
				DEVELOPMENT_TEAM = QLAGA64KZQ;
				INFOPLIST_FILE = ConstellationExplanation/Info.plist;
				LD_RUNPATH_SEARCH_PATHS = "$(inherited) @executable_path/Frameworks";
				PRODUCT_BUNDLE_IDENTIFIER = smith.codesquad.ConstellationExplanation;
				PRODUCT_NAME = "$(TARGET_NAME)";
				SWIFT_VERSION = 4.0;
				TARGETED_DEVICE_FAMILY = "1,2";
			};
			name = Release;
		};
/* End XCBuildConfiguration section */

/* Begin XCConfigurationList section */
		9B538D3620023DBA00F7421E /* Build configuration list for PBXProject "ConstellationExplanation" */ = {
			isa = XCConfigurationList;
			buildConfigurations = (
				9B538D4B20023DBA00F7421E /* Debug */,
				9B538D4C20023DBA00F7421E /* Release */,
			);
			defaultConfigurationIsVisible = 0;
			defaultConfigurationName = Release;
		};
		9B538D4D20023DBA00F7421E /* Build configuration list for PBXNativeTarget "ConstellationExplanation" */ = {
			isa = XCConfigurationList;
			buildConfigurations = (
				9B538D4E20023DBA00F7421E /* Debug */,
				9B538D4F20023DBA00F7421E /* Release */,
			);
			defaultConfigurationIsVisible = 0;
			defaultConfigurationName = Release;
		};
/* End XCConfigurationList section */
	};
	rootObject = 9B538D3320023DBA00F7421E /* Project object */;
}
