// !$*UTF8*$!
{
	archiveVersion = 1;
	classes = {
	};
	objectVersion = 48;
	objects = {

/* Begin PBXBuildFile section */
		9B538CD52001DACE00F7421E /* AppDelegate.swift in Sources */ = {isa = PBXBuildFile; fileRef = 9B538CD42001DACE00F7421E /* AppDelegate.swift */; };
		9B538CD72001DACE00F7421E /* ViewController.swift in Sources */ = {isa = PBXBuildFile; fileRef = 9B538CD62001DACE00F7421E /* ViewController.swift */; };
		9B538CDA2001DACE00F7421E /* Main.storyboard in Resources */ = {isa = PBXBuildFile; fileRef = 9B538CD82001DACE00F7421E /* Main.storyboard */; };
		9B538CDC2001DACE00F7421E /* Assets.xcassets in Resources */ = {isa = PBXBuildFile; fileRef = 9B538CDB2001DACE00F7421E /* Assets.xcassets */; };
		9B538CDF2001DACE00F7421E /* LaunchScreen.storyboard in Resources */ = {isa = PBXBuildFile; fileRef = 9B538CDD2001DACE00F7421E /* LaunchScreen.storyboard */; };
		9B538CEC2001DB1900F7421E /* cloudy.png in Resources */ = {isa = PBXBuildFile; fileRef = 9B538CE72001DB1900F7421E /* cloudy.png */; };
		9B538CED2001DB1900F7421E /* rainy.png in Resources */ = {isa = PBXBuildFile; fileRef = 9B538CE82001DB1900F7421E /* rainy.png */; };
		9B538CEE2001DB1900F7421E /* snow.png in Resources */ = {isa = PBXBuildFile; fileRef = 9B538CE92001DB1900F7421E /* snow.png */; };
		9B538CEF2001DB1900F7421E /* sunny.png in Resources */ = {isa = PBXBuildFile; fileRef = 9B538CEA2001DB1900F7421E /* sunny.png */; };
		9B538CF02001DB1900F7421E /* blizzard.png in Resources */ = {isa = PBXBuildFile; fileRef = 9B538CEB2001DB1900F7421E /* blizzard.png */; };
		9B538D6C20024EFF00F7421E /* TableViewCell.swift in Sources */ = {isa = PBXBuildFile; fileRef = 9B538D6B20024EFF00F7421E /* TableViewCell.swift */; };
/* End PBXBuildFile section */

/* Begin PBXFileReference section */
		9B538CD12001DACE00F7421E /* WeatherTable.app */ = {isa = PBXFileReference; explicitFileType = wrapper.application; includeInIndex = 0; path = WeatherTable.app; sourceTree = BUILT_PRODUCTS_DIR; };
		9B538CD42001DACE00F7421E /* AppDelegate.swift */ = {isa = PBXFileReference; lastKnownFileType = sourcecode.swift; path = AppDelegate.swift; sourceTree = "<group>"; };
		9B538CD62001DACE00F7421E /* ViewController.swift */ = {isa = PBXFileReference; lastKnownFileType = sourcecode.swift; path = ViewController.swift; sourceTree = "<group>"; };
		9B538CD92001DACE00F7421E /* Base */ = {isa = PBXFileReference; lastKnownFileType = file.storyboard; name = Base; path = Base.lproj/Main.storyboard; sourceTree = "<group>"; };
		9B538CDB2001DACE00F7421E /* Assets.xcassets */ = {isa = PBXFileReference; lastKnownFileType = folder.assetcatalog; path = Assets.xcassets; sourceTree = "<group>"; };
		9B538CDE2001DACE00F7421E /* Base */ = {isa = PBXFileReference; lastKnownFileType = file.storyboard; name = Base; path = Base.lproj/LaunchScreen.storyboard; sourceTree = "<group>"; };
		9B538CE02001DACE00F7421E /* Info.plist */ = {isa = PBXFileReference; lastKnownFileType = text.plist.xml; path = Info.plist; sourceTree = "<group>"; };
		9B538CE72001DB1900F7421E /* cloudy.png */ = {isa = PBXFileReference; lastKnownFileType = image.png; name = cloudy.png; path = "Section+11-2.+WeatherTableImages/cloudy.png"; sourceTree = SOURCE_ROOT; };
		9B538CE82001DB1900F7421E /* rainy.png */ = {isa = PBXFileReference; lastKnownFileType = image.png; name = rainy.png; path = "Section+11-2.+WeatherTableImages/rainy.png"; sourceTree = SOURCE_ROOT; };
		9B538CE92001DB1900F7421E /* snow.png */ = {isa = PBXFileReference; lastKnownFileType = image.png; name = snow.png; path = "Section+11-2.+WeatherTableImages/snow.png"; sourceTree = SOURCE_ROOT; };
		9B538CEA2001DB1900F7421E /* sunny.png */ = {isa = PBXFileReference; lastKnownFileType = image.png; name = sunny.png; path = "Section+11-2.+WeatherTableImages/sunny.png"; sourceTree = SOURCE_ROOT; };
		9B538CEB2001DB1900F7421E /* blizzard.png */ = {isa = PBXFileReference; lastKnownFileType = image.png; name = blizzard.png; path = "Section+11-2.+WeatherTableImages/blizzard.png"; sourceTree = SOURCE_ROOT; };
		9B538D6B20024EFF00F7421E /* TableViewCell.swift */ = {isa = PBXFileReference; lastKnownFileType = sourcecode.swift; path = TableViewCell.swift; sourceTree = "<group>"; };
/* End PBXFileReference section */

/* Begin PBXFrameworksBuildPhase section */
		9B538CCE2001DACE00F7421E /* Frameworks */ = {
			isa = PBXFrameworksBuildPhase;
			buildActionMask = 2147483647;
			files = (
			);
			runOnlyForDeploymentPostprocessing = 0;
		};
/* End PBXFrameworksBuildPhase section */

/* Begin PBXGroup section */
		9B538CC82001DACE00F7421E = {
			isa = PBXGroup;
			children = (
				9B538CD32001DACE00F7421E /* WeatherTable */,
				9B538CD22001DACE00F7421E /* Products */,
			);
			sourceTree = "<group>";
		};
		9B538CD22001DACE00F7421E /* Products */ = {
			isa = PBXGroup;
			children = (
				9B538CD12001DACE00F7421E /* WeatherTable.app */,
			);
			name = Products;
			sourceTree = "<group>";
		};
		9B538CD32001DACE00F7421E /* WeatherTable */ = {
			isa = PBXGroup;
			children = (
				9B538CE62001DB0100F7421E /* Resource */,
				9B538CD42001DACE00F7421E /* AppDelegate.swift */,
				9B538CD62001DACE00F7421E /* ViewController.swift */,
				9B538D6B20024EFF00F7421E /* TableViewCell.swift */,
				9B538CD82001DACE00F7421E /* Main.storyboard */,
				9B538CDB2001DACE00F7421E /* Assets.xcassets */,
				9B538CDD2001DACE00F7421E /* LaunchScreen.storyboard */,
				9B538CE02001DACE00F7421E /* Info.plist */,
			);
			path = WeatherTable;
			sourceTree = "<group>";
		};
		9B538CE62001DB0100F7421E /* Resource */ = {
			isa = PBXGroup;
			children = (
				9B538CEB2001DB1900F7421E /* blizzard.png */,
				9B538CE72001DB1900F7421E /* cloudy.png */,
				9B538CE82001DB1900F7421E /* rainy.png */,
				9B538CE92001DB1900F7421E /* snow.png */,
				9B538CEA2001DB1900F7421E /* sunny.png */,
			);
			path = Resource;
			sourceTree = "<group>";
		};
/* End PBXGroup section */

/* Begin PBXNativeTarget section */
		9B538CD02001DACE00F7421E /* WeatherTable */ = {
			isa = PBXNativeTarget;
			buildConfigurationList = 9B538CE32001DACE00F7421E /* Build configuration list for PBXNativeTarget "WeatherTable" */;
			buildPhases = (
				9B538CCD2001DACE00F7421E /* Sources */,
				9B538CCE2001DACE00F7421E /* Frameworks */,
				9B538CCF2001DACE00F7421E /* Resources */,
			);
			buildRules = (
			);
			dependencies = (
			);
			name = WeatherTable;
			productName = WeatherTable;
			productReference = 9B538CD12001DACE00F7421E /* WeatherTable.app */;
			productType = "com.apple.product-type.application";
		};
/* End PBXNativeTarget section */

/* Begin PBXProject section */
		9B538CC92001DACE00F7421E /* Project object */ = {
			isa = PBXProject;
			attributes = {
				LastSwiftUpdateCheck = 0920;
				LastUpgradeCheck = 0920;
				ORGANIZATIONNAME = smith;
				TargetAttributes = {
					9B538CD02001DACE00F7421E = {
						CreatedOnToolsVersion = 9.2;
						ProvisioningStyle = Automatic;
					};
				};
			};
			buildConfigurationList = 9B538CCC2001DACE00F7421E /* Build configuration list for PBXProject "WeatherTable" */;
			compatibilityVersion = "Xcode 8.0";
			developmentRegion = en;
			hasScannedForEncodings = 0;
			knownRegions = (
				en,
				Base,
			);
			mainGroup = 9B538CC82001DACE00F7421E;
			productRefGroup = 9B538CD22001DACE00F7421E /* Products */;
			projectDirPath = "";
			projectRoot = "";
			targets = (
				9B538CD02001DACE00F7421E /* WeatherTable */,
			);
		};
/* End PBXProject section */

/* Begin PBXResourcesBuildPhase section */
		9B538CCF2001DACE00F7421E /* Resources */ = {
			isa = PBXResourcesBuildPhase;
			buildActionMask = 2147483647;
			files = (
				9B538CEF2001DB1900F7421E /* sunny.png in Resources */,
				9B538CF02001DB1900F7421E /* blizzard.png in Resources */,
				9B538CDF2001DACE00F7421E /* LaunchScreen.storyboard in Resources */,
				9B538CED2001DB1900F7421E /* rainy.png in Resources */,
				9B538CEE2001DB1900F7421E /* snow.png in Resources */,
				9B538CEC2001DB1900F7421E /* cloudy.png in Resources */,
				9B538CDC2001DACE00F7421E /* Assets.xcassets in Resources */,
				9B538CDA2001DACE00F7421E /* Main.storyboard in Resources */,
			);
			runOnlyForDeploymentPostprocessing = 0;
		};
/* End PBXResourcesBuildPhase section */

/* Begin PBXSourcesBuildPhase section */
		9B538CCD2001DACE00F7421E /* Sources */ = {
			isa = PBXSourcesBuildPhase;
			buildActionMask = 2147483647;
			files = (
				9B538D6C20024EFF00F7421E /* TableViewCell.swift in Sources */,
				9B538CD72001DACE00F7421E /* ViewController.swift in Sources */,
				9B538CD52001DACE00F7421E /* AppDelegate.swift in Sources */,
			);
			runOnlyForDeploymentPostprocessing = 0;
		};
/* End PBXSourcesBuildPhase section */

/* Begin PBXVariantGroup section */
		9B538CD82001DACE00F7421E /* Main.storyboard */ = {
			isa = PBXVariantGroup;
			children = (
				9B538CD92001DACE00F7421E /* Base */,
			);
			name = Main.storyboard;
			sourceTree = "<group>";
		};
		9B538CDD2001DACE00F7421E /* LaunchScreen.storyboard */ = {
			isa = PBXVariantGroup;
			children = (
				9B538CDE2001DACE00F7421E /* Base */,
			);
			name = LaunchScreen.storyboard;
			sourceTree = "<group>";
		};
/* End PBXVariantGroup section */

/* Begin XCBuildConfiguration section */
		9B538CE12001DACE00F7421E /* Debug */ = {
			isa = XCBuildConfiguration;
			buildSettings = {
				ALWAYS_SEARCH_USER_PATHS = NO;
				CLANG_ANALYZER_NONNULL = YES;
				CLANG_ANALYZER_NUMBER_OBJECT_CONVERSION = YES_AGGRESSIVE;
				CLANG_CXX_LANGUAGE_STANDARD = "gnu++14";
				CLANG_CXX_LIBRARY = "libc++";
				CLANG_ENABLE_MODULES = YES;
				CLANG_ENABLE_OBJC_ARC = YES;
				CLANG_WARN_BLOCK_CAPTURE_AUTORELEASING = YES;
				CLANG_WARN_BOOL_CONVERSION = YES;
				CLANG_WARN_COMMA = YES;
				CLANG_WARN_CONSTANT_CONVERSION = YES;
				CLANG_WARN_DIRECT_OBJC_ISA_USAGE = YES_ERROR;
				CLANG_WARN_DOCUMENTATION_COMMENTS = YES;
				CLANG_WARN_EMPTY_BODY = YES;
				CLANG_WARN_ENUM_CONVERSION = YES;
				CLANG_WARN_INFINITE_RECURSION = YES;
				CLANG_WARN_INT_CONVERSION = YES;
				CLANG_WARN_NON_LITERAL_NULL_CONVERSION = YES;
				CLANG_WARN_OBJC_LITERAL_CONVERSION = YES;
				CLANG_WARN_OBJC_ROOT_CLASS = YES_ERROR;
				CLANG_WARN_RANGE_LOOP_ANALYSIS = YES;
				CLANG_WARN_STRICT_PROTOTYPES = YES;
				CLANG_WARN_SUSPICIOUS_MOVE = YES;
				CLANG_WARN_UNGUARDED_AVAILABILITY = YES_AGGRESSIVE;
				CLANG_WARN_UNREACHABLE_CODE = YES;
				CLANG_WARN__DUPLICATE_METHOD_MATCH = YES;
				CODE_SIGN_IDENTITY = "iPhone Developer";
				COPY_PHASE_STRIP = NO;
				DEBUG_INFORMATION_FORMAT = dwarf;
				ENABLE_STRICT_OBJC_MSGSEND = YES;
				ENABLE_TESTABILITY = YES;
				GCC_C_LANGUAGE_STANDARD = gnu11;
				GCC_DYNAMIC_NO_PIC = NO;
				GCC_NO_COMMON_BLOCKS = YES;
				GCC_OPTIMIZATION_LEVEL = 0;
				GCC_PREPROCESSOR_DEFINITIONS = (
					"DEBUG=1",
					"$(inherited)",
				);
				GCC_WARN_64_TO_32_BIT_CONVERSION = YES;
				GCC_WARN_ABOUT_RETURN_TYPE = YES_ERROR;
				GCC_WARN_UNDECLARED_SELECTOR = YES;
				GCC_WARN_UNINITIALIZED_AUTOS = YES_AGGRESSIVE;
				GCC_WARN_UNUSED_FUNCTION = YES;
				GCC_WARN_UNUSED_VARIABLE = YES;
				IPHONEOS_DEPLOYMENT_TARGET = 11.2;
				MTL_ENABLE_DEBUG_INFO = YES;
				ONLY_ACTIVE_ARCH = YES;
				SDKROOT = iphoneos;
				SWIFT_ACTIVE_COMPILATION_CONDITIONS = DEBUG;
				SWIFT_OPTIMIZATION_LEVEL = "-Onone";
			};
			name = Debug;
		};
		9B538CE22001DACE00F7421E /* Release */ = {
			isa = XCBuildConfiguration;
			buildSettings = {
				ALWAYS_SEARCH_USER_PATHS = NO;
				CLANG_ANALYZER_NONNULL = YES;
				CLANG_ANALYZER_NUMBER_OBJECT_CONVERSION = YES_AGGRESSIVE;
				CLANG_CXX_LANGUAGE_STANDARD = "gnu++14";
				CLANG_CXX_LIBRARY = "libc++";
				CLANG_ENABLE_MODULES = YES;
				CLANG_ENABLE_OBJC_ARC = YES;
				CLANG_WARN_BLOCK_CAPTURE_AUTORELEASING = YES;
				CLANG_WARN_BOOL_CONVERSION = YES;
				CLANG_WARN_COMMA = YES;
				CLANG_WARN_CONSTANT_CONVERSION = YES;
				CLANG_WARN_DIRECT_OBJC_ISA_USAGE = YES_ERROR;
				CLANG_WARN_DOCUMENTATION_COMMENTS = YES;
				CLANG_WARN_EMPTY_BODY = YES;
				CLANG_WARN_ENUM_CONVERSION = YES;
				CLANG_WARN_INFINITE_RECURSION = YES;
				CLANG_WARN_INT_CONVERSION = YES;
				CLANG_WARN_NON_LITERAL_NULL_CONVERSION = YES;
				CLANG_WARN_OBJC_LITERAL_CONVERSION = YES;
				CLANG_WARN_OBJC_ROOT_CLASS = YES_ERROR;
				CLANG_WARN_RANGE_LOOP_ANALYSIS = YES;
				CLANG_WARN_STRICT_PROTOTYPES = YES;
				CLANG_WARN_SUSPICIOUS_MOVE = YES;
				CLANG_WARN_UNGUARDED_AVAILABILITY = YES_AGGRESSIVE;
				CLANG_WARN_UNREACHABLE_CODE = YES;
				CLANG_WARN__DUPLICATE_METHOD_MATCH = YES;
				CODE_SIGN_IDENTITY = "iPhone Developer";
				COPY_PHASE_STRIP = NO;
				DEBUG_INFORMATION_FORMAT = "dwarf-with-dsym";
				ENABLE_NS_ASSERTIONS = NO;
				ENABLE_STRICT_OBJC_MSGSEND = YES;
				GCC_C_LANGUAGE_STANDARD = gnu11;
				GCC_NO_COMMON_BLOCKS = YES;
				GCC_WARN_64_TO_32_BIT_CONVERSION = YES;
				GCC_WARN_ABOUT_RETURN_TYPE = YES_ERROR;
				GCC_WARN_UNDECLARED_SELECTOR = YES;
				GCC_WARN_UNINITIALIZED_AUTOS = YES_AGGRESSIVE;
				GCC_WARN_UNUSED_FUNCTION = YES;
				GCC_WARN_UNUSED_VARIABLE = YES;
				IPHONEOS_DEPLOYMENT_TARGET = 11.2;
				MTL_ENABLE_DEBUG_INFO = NO;
				SDKROOT = iphoneos;
				SWIFT_OPTIMIZATION_LEVEL = "-Owholemodule";
				VALIDATE_PRODUCT = YES;
			};
			name = Release;
		};
		9B538CE42001DACE00F7421E /* Debug */ = {
			isa = XCBuildConfiguration;
			buildSettings = {
				ASSETCATALOG_COMPILER_APPICON_NAME = AppIcon;
				CODE_SIGN_STYLE = Automatic;
				DEVELOPMENT_TEAM = QLAGA64KZQ;
				INFOPLIST_FILE = WeatherTable/Info.plist;
				LD_RUNPATH_SEARCH_PATHS = "$(inherited) @executable_path/Frameworks";
				PRODUCT_BUNDLE_IDENTIFIER = smith.codesquad.WeatherTable;
				PRODUCT_NAME = "$(TARGET_NAME)";
				SWIFT_VERSION = 4.0;
				TARGETED_DEVICE_FAMILY = "1,2";
			};
			name = Debug;
		};
		9B538CE52001DACE00F7421E /* Release */ = {
			isa = XCBuildConfiguration;
			buildSettings = {
				ASSETCATALOG_COMPILER_APPICON_NAME = AppIcon;
				CODE_SIGN_STYLE = Automatic;
				DEVELOPMENT_TEAM = QLAGA64KZQ;
				INFOPLIST_FILE = WeatherTable/Info.plist;
				LD_RUNPATH_SEARCH_PATHS = "$(inherited) @executable_path/Frameworks";
				PRODUCT_BUNDLE_IDENTIFIER = smith.codesquad.WeatherTable;
				PRODUCT_NAME = "$(TARGET_NAME)";
				SWIFT_VERSION = 4.0;
				TARGETED_DEVICE_FAMILY = "1,2";
			};
			name = Release;
		};
/* End XCBuildConfiguration section */

/* Begin XCConfigurationList section */
		9B538CCC2001DACE00F7421E /* Build configuration list for PBXProject "WeatherTable" */ = {
			isa = XCConfigurationList;
			buildConfigurations = (
				9B538CE12001DACE00F7421E /* Debug */,
				9B538CE22001DACE00F7421E /* Release */,
			);
			defaultConfigurationIsVisible = 0;
			defaultConfigurationName = Release;
		};
		9B538CE32001DACE00F7421E /* Build configuration list for PBXNativeTarget "WeatherTable" */ = {
			isa = XCConfigurationList;
			buildConfigurations = (
				9B538CE42001DACE00F7421E /* Debug */,
				9B538CE52001DACE00F7421E /* Release */,
			);
			defaultConfigurationIsVisible = 0;
			defaultConfigurationName = Release;
		};
/* End XCConfigurationList section */
	};
	rootObject = 9B538CC92001DACE00F7421E /* Project object */;
}
